// !$*UTF8*$!
{
	archiveVersion = 1;
	classes = {
	};
	objectVersion = 46;
	objects = {

/* Begin PBXBuildFile section */
		2725B0268DD6FD8BE5F55D20 /* libPods-ImagePicker.a in Frameworks */ = {isa = PBXBuildFile; fileRef = 9F18CEC8C336176ECF397EFE /* libPods-ImagePicker.a */; };
		B5E7CFF81F2B027A0060439E /* ImageScrollView.m in Sources */ = {isa = PBXBuildFile; fileRef = B5E7CFCF1F2B027A0060439E /* ImageScrollView.m */; };
		B5E7CFF91F2B027A0060439E /* PBGView.m in Sources */ = {isa = PBXBuildFile; fileRef = B5E7CFD11F2B027A0060439E /* PBGView.m */; };
		B5E7CFFA1F2B027A0060439E /* PhotoImageView.m in Sources */ = {isa = PBXBuildFile; fileRef = B5E7CFD31F2B027A0060439E /* PhotoImageView.m */; };
		B5E7CFFB1F2B027A0060439E /* PhotoItemView.m in Sources */ = {isa = PBXBuildFile; fileRef = B5E7CFD51F2B027A0060439E /* PhotoItemView.m */; };
		B5E7CFFC1F2B027A0060439E /* PhotoModel.m in Sources */ = {isa = PBXBuildFile; fileRef = B5E7CFD71F2B027A0060439E /* PhotoModel.m */; };
		B5E7CFFD1F2B027A0060439E /* PictureView.m in Sources */ = {isa = PBXBuildFile; fileRef = B5E7CFD91F2B027A0060439E /* PictureView.m */; };
		B5E7CFFE1F2B027A0060439E /* ShowPictureController.m in Sources */ = {isa = PBXBuildFile; fileRef = B5E7CFDC1F2B027A0060439E /* ShowPictureController.m */; };
		B5E7CFFF1F2B027A0060439E /* StytlePtotoShowView.m in Sources */ = {isa = PBXBuildFile; fileRef = B5E7CFDE1F2B027A0060439E /* StytlePtotoShowView.m */; };
		B5E7D0001F2B027A0060439E /* UIImage+ReMake.m in Sources */ = {isa = PBXBuildFile; fileRef = B5E7CFE21F2B027A0060439E /* UIImage+ReMake.m */; };
		B5E7D0011F2B027A0060439E /* UIImageView+SD.m in Sources */ = {isa = PBXBuildFile; fileRef = B5E7CFE41F2B027A0060439E /* UIImageView+SD.m */; };
		B5E7D0021F2B027A0060439E /* LFRoundProgressView.m in Sources */ = {isa = PBXBuildFile; fileRef = B5E7CFE71F2B027A0060439E /* LFRoundProgressView.m */; };
		B5E7D0031F2B027A0060439E /* PhotoLoadingView.m in Sources */ = {isa = PBXBuildFile; fileRef = B5E7CFE91F2B027A0060439E /* PhotoLoadingView.m */; };
		B5E7D0041F2B027A0060439E /* PhotoProgressView.m in Sources */ = {isa = PBXBuildFile; fileRef = B5E7CFEB1F2B027A0060439E /* PhotoProgressView.m */; };
		B5E7D0051F2B027A0060439E /* ShowPictureBrower.bundle in Resources */ = {isa = PBXBuildFile; fileRef = B5E7CFEC1F2B027A0060439E /* ShowPictureBrower.bundle */; };
		B5E7D0061F2B027A0060439E /* ViewController.m in Sources */ = {isa = PBXBuildFile; fileRef = B5E7CFEE1F2B027A0060439E /* ViewController.m */; };
		B5E7D0071F2B027A0060439E /* WEImagePicker.bundle in Resources */ = {isa = PBXBuildFile; fileRef = B5E7CFF01F2B027A0060439E /* WEImagePicker.bundle */; };
		B5E7D0081F2B027A0060439E /* WEPhotoGroupDetailController.m in Sources */ = {isa = PBXBuildFile; fileRef = B5E7CFF31F2B027A0060439E /* WEPhotoGroupDetailController.m */; };
		B5E7D0091F2B027A0060439E /* WEPhotoGroupTableViewController.m in Sources */ = {isa = PBXBuildFile; fileRef = B5E7CFF51F2B027A0060439E /* WEPhotoGroupTableViewController.m */; };
		B5E7D00A1F2B027A0060439E /* WEPhotoLibrayController.m in Sources */ = {isa = PBXBuildFile; fileRef = B5E7CFF71F2B027A0060439E /* WEPhotoLibrayController.m */; };
		B5EE0C7A1F1C64B600883B78 /* main.m in Sources */ = {isa = PBXBuildFile; fileRef = B5EE0C791F1C64B600883B78 /* main.m */; };
		B5EE0C7D1F1C64B600883B78 /* AppDelegate.m in Sources */ = {isa = PBXBuildFile; fileRef = B5EE0C7C1F1C64B600883B78 /* AppDelegate.m */; };
		B5EE0C831F1C64B600883B78 /* Main.storyboard in Resources */ = {isa = PBXBuildFile; fileRef = B5EE0C811F1C64B600883B78 /* Main.storyboard */; };
		B5EE0C851F1C64B600883B78 /* Assets.xcassets in Resources */ = {isa = PBXBuildFile; fileRef = B5EE0C841F1C64B600883B78 /* Assets.xcassets */; };
		B5EE0C881F1C64B600883B78 /* LaunchScreen.storyboard in Resources */ = {isa = PBXBuildFile; fileRef = B5EE0C861F1C64B600883B78 /* LaunchScreen.storyboard */; };
		B5EE0C931F1C64B600883B78 /* ImagePickerTests.m in Sources */ = {isa = PBXBuildFile; fileRef = B5EE0C921F1C64B600883B78 /* ImagePickerTests.m */; };
		B5EE0C9E1F1C64B600883B78 /* ImagePickerUITests.m in Sources */ = {isa = PBXBuildFile; fileRef = B5EE0C9D1F1C64B600883B78 /* ImagePickerUITests.m */; };
/* End PBXBuildFile section */

/* Begin PBXContainerItemProxy section */
		B5EE0C8F1F1C64B600883B78 /* PBXContainerItemProxy */ = {
			isa = PBXContainerItemProxy;
			containerPortal = B5EE0C6D1F1C64B600883B78 /* Project object */;
			proxyType = 1;
			remoteGlobalIDString = B5EE0C741F1C64B600883B78;
			remoteInfo = ImagePicker;
		};
		B5EE0C9A1F1C64B600883B78 /* PBXContainerItemProxy */ = {
			isa = PBXContainerItemProxy;
			containerPortal = B5EE0C6D1F1C64B600883B78 /* Project object */;
			proxyType = 1;
			remoteGlobalIDString = B5EE0C741F1C64B600883B78;
			remoteInfo = ImagePicker;
		};
/* End PBXContainerItemProxy section */

/* Begin PBXFileReference section */
		477893020F1FB999337CCC71 /* Pods-ImagePicker.debug.xcconfig */ = {isa = PBXFileReference; includeInIndex = 1; lastKnownFileType = text.xcconfig; name = "Pods-ImagePicker.debug.xcconfig"; path = "Pods/Target Support Files/Pods-ImagePicker/Pods-ImagePicker.debug.xcconfig"; sourceTree = "<group>"; };
		9F18CEC8C336176ECF397EFE /* libPods-ImagePicker.a */ = {isa = PBXFileReference; explicitFileType = archive.ar; includeInIndex = 0; path = "libPods-ImagePicker.a"; sourceTree = BUILT_PRODUCTS_DIR; };
		B50EFD4E1F21F09000555886 /* MobileCoreServices.framework */ = {isa = PBXFileReference; lastKnownFileType = wrapper.framework; name = MobileCoreServices.framework; path = System/Library/Frameworks/MobileCoreServices.framework; sourceTree = SDKROOT; };
		B5E7CFCE1F2B027A0060439E /* ImageScrollView.h */ = {isa = PBXFileReference; fileEncoding = 4; lastKnownFileType = sourcecode.c.h; path = ImageScrollView.h; sourceTree = "<group>"; };
		B5E7CFCF1F2B027A0060439E /* ImageScrollView.m */ = {isa = PBXFileReference; fileEncoding = 4; lastKnownFileType = sourcecode.c.objc; path = ImageScrollView.m; sourceTree = "<group>"; };
		B5E7CFD01F2B027A0060439E /* PBGView.h */ = {isa = PBXFileReference; fileEncoding = 4; lastKnownFileType = sourcecode.c.h; path = PBGView.h; sourceTree = "<group>"; };
		B5E7CFD11F2B027A0060439E /* PBGView.m */ = {isa = PBXFileReference; fileEncoding = 4; lastKnownFileType = sourcecode.c.objc; path = PBGView.m; sourceTree = "<group>"; };
		B5E7CFD21F2B027A0060439E /* PhotoImageView.h */ = {isa = PBXFileReference; fileEncoding = 4; lastKnownFileType = sourcecode.c.h; path = PhotoImageView.h; sourceTree = "<group>"; };
		B5E7CFD31F2B027A0060439E /* PhotoImageView.m */ = {isa = PBXFileReference; fileEncoding = 4; lastKnownFileType = sourcecode.c.objc; path = PhotoImageView.m; sourceTree = "<group>"; };
		B5E7CFD41F2B027A0060439E /* PhotoItemView.h */ = {isa = PBXFileReference; fileEncoding = 4; lastKnownFileType = sourcecode.c.h; path = PhotoItemView.h; sourceTree = "<group>"; };
		B5E7CFD51F2B027A0060439E /* PhotoItemView.m */ = {isa = PBXFileReference; fileEncoding = 4; lastKnownFileType = sourcecode.c.objc; path = PhotoItemView.m; sourceTree = "<group>"; };
		B5E7CFD61F2B027A0060439E /* PhotoModel.h */ = {isa = PBXFileReference; fileEncoding = 4; lastKnownFileType = sourcecode.c.h; path = PhotoModel.h; sourceTree = "<group>"; };
		B5E7CFD71F2B027A0060439E /* PhotoModel.m */ = {isa = PBXFileReference; fileEncoding = 4; lastKnownFileType = sourcecode.c.objc; path = PhotoModel.m; sourceTree = "<group>"; };
		B5E7CFD81F2B027A0060439E /* PictureView.h */ = {isa = PBXFileReference; fileEncoding = 4; lastKnownFileType = sourcecode.c.h; path = PictureView.h; sourceTree = "<group>"; };
		B5E7CFD91F2B027A0060439E /* PictureView.m */ = {isa = PBXFileReference; fileEncoding = 4; lastKnownFileType = sourcecode.c.objc; path = PictureView.m; sourceTree = "<group>"; };
		B5E7CFDA1F2B027A0060439E /* ShowPictureBrowerHeader.h */ = {isa = PBXFileReference; fileEncoding = 4; lastKnownFileType = sourcecode.c.h; path = ShowPictureBrowerHeader.h; sourceTree = "<group>"; };
		B5E7CFDB1F2B027A0060439E /* ShowPictureController.h */ = {isa = PBXFileReference; fileEncoding = 4; lastKnownFileType = sourcecode.c.h; path = ShowPictureController.h; sourceTree = "<group>"; };
		B5E7CFDC1F2B027A0060439E /* ShowPictureController.m */ = {isa = PBXFileReference; fileEncoding = 4; lastKnownFileType = sourcecode.c.objc; path = ShowPictureController.m; sourceTree = "<group>"; };
		B5E7CFDD1F2B027A0060439E /* StytlePtotoShowView.h */ = {isa = PBXFileReference; fileEncoding = 4; lastKnownFileType = sourcecode.c.h; path = StytlePtotoShowView.h; sourceTree = "<group>"; };
		B5E7CFDE1F2B027A0060439E /* StytlePtotoShowView.m */ = {isa = PBXFileReference; fileEncoding = 4; lastKnownFileType = sourcecode.c.objc; path = StytlePtotoShowView.m; sourceTree = "<group>"; };
		B5E7CFE11F2B027A0060439E /* UIImage+ReMake.h */ = {isa = PBXFileReference; fileEncoding = 4; lastKnownFileType = sourcecode.c.h; path = "UIImage+ReMake.h"; sourceTree = "<group>"; };
		B5E7CFE21F2B027A0060439E /* UIImage+ReMake.m */ = {isa = PBXFileReference; fileEncoding = 4; lastKnownFileType = sourcecode.c.objc; path = "UIImage+ReMake.m"; sourceTree = "<group>"; };
		B5E7CFE31F2B027A0060439E /* UIImageView+SD.h */ = {isa = PBXFileReference; fileEncoding = 4; lastKnownFileType = sourcecode.c.h; path = "UIImageView+SD.h"; sourceTree = "<group>"; };
		B5E7CFE41F2B027A0060439E /* UIImageView+SD.m */ = {isa = PBXFileReference; fileEncoding = 4; lastKnownFileType = sourcecode.c.objc; path = "UIImageView+SD.m"; sourceTree = "<group>"; };
		B5E7CFE61F2B027A0060439E /* LFRoundProgressView.h */ = {isa = PBXFileReference; fileEncoding = 4; lastKnownFileType = sourcecode.c.h; path = LFRoundProgressView.h; sourceTree = "<group>"; };
		B5E7CFE71F2B027A0060439E /* LFRoundProgressView.m */ = {isa = PBXFileReference; fileEncoding = 4; lastKnownFileType = sourcecode.c.objc; path = LFRoundProgressView.m; sourceTree = "<group>"; };
		B5E7CFE81F2B027A0060439E /* PhotoLoadingView.h */ = {isa = PBXFileReference; fileEncoding = 4; lastKnownFileType = sourcecode.c.h; path = PhotoLoadingView.h; sourceTree = "<group>"; };
		B5E7CFE91F2B027A0060439E /* PhotoLoadingView.m */ = {isa = PBXFileReference; fileEncoding = 4; lastKnownFileType = sourcecode.c.objc; path = PhotoLoadingView.m; sourceTree = "<group>"; };
		B5E7CFEA1F2B027A0060439E /* PhotoProgressView.h */ = {isa = PBXFileReference; fileEncoding = 4; lastKnownFileType = sourcecode.c.h; path = PhotoProgressView.h; sourceTree = "<group>"; };
		B5E7CFEB1F2B027A0060439E /* PhotoProgressView.m */ = {isa = PBXFileReference; fileEncoding = 4; lastKnownFileType = sourcecode.c.objc; path = PhotoProgressView.m; sourceTree = "<group>"; };
		B5E7CFEC1F2B027A0060439E /* ShowPictureBrower.bundle */ = {isa = PBXFileReference; lastKnownFileType = "wrapper.plug-in"; path = ShowPictureBrower.bundle; sourceTree = "<group>"; };
		B5E7CFED1F2B027A0060439E /* ViewController.h */ = {isa = PBXFileReference; fileEncoding = 4; lastKnownFileType = sourcecode.c.h; path = ViewController.h; sourceTree = "<group>"; };
		B5E7CFEE1F2B027A0060439E /* ViewController.m */ = {isa = PBXFileReference; fileEncoding = 4; lastKnownFileType = sourcecode.c.objc; path = ViewController.m; sourceTree = "<group>"; };
		B5E7CFF01F2B027A0060439E /* WEImagePicker.bundle */ = {isa = PBXFileReference; lastKnownFileType = "wrapper.plug-in"; path = WEImagePicker.bundle; sourceTree = "<group>"; };
		B5E7CFF11F2B027A0060439E /* WEImagePickerHeader.h */ = {isa = PBXFileReference; fileEncoding = 4; lastKnownFileType = sourcecode.c.h; path = WEImagePickerHeader.h; sourceTree = "<group>"; };
		B5E7CFF21F2B027A0060439E /* WEPhotoGroupDetailController.h */ = {isa = PBXFileReference; fileEncoding = 4; lastKnownFileType = sourcecode.c.h; path = WEPhotoGroupDetailController.h; sourceTree = "<group>"; };
		B5E7CFF31F2B027A0060439E /* WEPhotoGroupDetailController.m */ = {isa = PBXFileReference; fileEncoding = 4; lastKnownFileType = sourcecode.c.objc; path = WEPhotoGroupDetailController.m; sourceTree = "<group>"; };
		B5E7CFF41F2B027A0060439E /* WEPhotoGroupTableViewController.h */ = {isa = PBXFileReference; fileEncoding = 4; lastKnownFileType = sourcecode.c.h; path = WEPhotoGroupTableViewController.h; sourceTree = "<group>"; };
		B5E7CFF51F2B027A0060439E /* WEPhotoGroupTableViewController.m */ = {isa = PBXFileReference; fileEncoding = 4; lastKnownFileType = sourcecode.c.objc; path = WEPhotoGroupTableViewController.m; sourceTree = "<group>"; };
		B5E7CFF61F2B027A0060439E /* WEPhotoLibrayController.h */ = {isa = PBXFileReference; fileEncoding = 4; lastKnownFileType = sourcecode.c.h; path = WEPhotoLibrayController.h; sourceTree = "<group>"; };
		B5E7CFF71F2B027A0060439E /* WEPhotoLibrayController.m */ = {isa = PBXFileReference; fileEncoding = 4; lastKnownFileType = sourcecode.c.objc; path = WEPhotoLibrayController.m; sourceTree = "<group>"; };
		B5EE0C751F1C64B600883B78 /* ImagePicker.app */ = {isa = PBXFileReference; explicitFileType = wrapper.application; includeInIndex = 0; path = ImagePicker.app; sourceTree = BUILT_PRODUCTS_DIR; };
		B5EE0C791F1C64B600883B78 /* main.m */ = {isa = PBXFileReference; lastKnownFileType = sourcecode.c.objc; path = main.m; sourceTree = "<group>"; };
		B5EE0C7B1F1C64B600883B78 /* AppDelegate.h */ = {isa = PBXFileReference; lastKnownFileType = sourcecode.c.h; path = AppDelegate.h; sourceTree = "<group>"; };
		B5EE0C7C1F1C64B600883B78 /* AppDelegate.m */ = {isa = PBXFileReference; lastKnownFileType = sourcecode.c.objc; path = AppDelegate.m; sourceTree = "<group>"; };
		B5EE0C821F1C64B600883B78 /* Base */ = {isa = PBXFileReference; lastKnownFileType = file.storyboard; name = Base; path = Base.lproj/Main.storyboard; sourceTree = "<group>"; };
		B5EE0C841F1C64B600883B78 /* Assets.xcassets */ = {isa = PBXFileReference; lastKnownFileType = folder.assetcatalog; path = Assets.xcassets; sourceTree = "<group>"; };
		B5EE0C871F1C64B600883B78 /* Base */ = {isa = PBXFileReference; lastKnownFileType = file.storyboard; name = Base; path = Base.lproj/LaunchScreen.storyboard; sourceTree = "<group>"; };
		B5EE0C891F1C64B600883B78 /* Info.plist */ = {isa = PBXFileReference; lastKnownFileType = text.plist.xml; path = Info.plist; sourceTree = "<group>"; };
		B5EE0C8E1F1C64B600883B78 /* ImagePickerTests.xctest */ = {isa = PBXFileReference; explicitFileType = wrapper.cfbundle; includeInIndex = 0; path = ImagePickerTests.xctest; sourceTree = BUILT_PRODUCTS_DIR; };
		B5EE0C921F1C64B600883B78 /* ImagePickerTests.m */ = {isa = PBXFileReference; lastKnownFileType = sourcecode.c.objc; path = ImagePickerTests.m; sourceTree = "<group>"; };
		B5EE0C941F1C64B600883B78 /* Info.plist */ = {isa = PBXFileReference; lastKnownFileType = text.plist.xml; path = Info.plist; sourceTree = "<group>"; };
		B5EE0C991F1C64B600883B78 /* ImagePickerUITests.xctest */ = {isa = PBXFileReference; explicitFileType = wrapper.cfbundle; includeInIndex = 0; path = ImagePickerUITests.xctest; sourceTree = BUILT_PRODUCTS_DIR; };
		B5EE0C9D1F1C64B600883B78 /* ImagePickerUITests.m */ = {isa = PBXFileReference; lastKnownFileType = sourcecode.c.objc; path = ImagePickerUITests.m; sourceTree = "<group>"; };
		B5EE0C9F1F1C64B600883B78 /* Info.plist */ = {isa = PBXFileReference; lastKnownFileType = text.plist.xml; path = Info.plist; sourceTree = "<group>"; };
		CF5502DCC1DCB7C508426B6E /* Pods-ImagePicker.release.xcconfig */ = {isa = PBXFileReference; includeInIndex = 1; lastKnownFileType = text.xcconfig; name = "Pods-ImagePicker.release.xcconfig"; path = "Pods/Target Support Files/Pods-ImagePicker/Pods-ImagePicker.release.xcconfig"; sourceTree = "<group>"; };
/* End PBXFileReference section */

/* Begin PBXFrameworksBuildPhase section */
		B5EE0C721F1C64B600883B78 /* Frameworks */ = {
			isa = PBXFrameworksBuildPhase;
			buildActionMask = 2147483647;
			files = (
				2725B0268DD6FD8BE5F55D20 /* libPods-ImagePicker.a in Frameworks */,
			);
			runOnlyForDeploymentPostprocessing = 0;
		};
		B5EE0C8B1F1C64B600883B78 /* Frameworks */ = {
			isa = PBXFrameworksBuildPhase;
			buildActionMask = 2147483647;
			files = (
			);
			runOnlyForDeploymentPostprocessing = 0;
		};
		B5EE0C961F1C64B600883B78 /* Frameworks */ = {
			isa = PBXFrameworksBuildPhase;
			buildActionMask = 2147483647;
			files = (
			);
			runOnlyForDeploymentPostprocessing = 0;
		};
/* End PBXFrameworksBuildPhase section */

/* Begin PBXGroup section */
		83D46390CC60C20E4C6B9A20 /* Pods */ = {
			isa = PBXGroup;
			children = (
				477893020F1FB999337CCC71 /* Pods-ImagePicker.debug.xcconfig */,
				CF5502DCC1DCB7C508426B6E /* Pods-ImagePicker.release.xcconfig */,
			);
			name = Pods;
			sourceTree = "<group>";
		};
		A577B7A808ECC9D885DFFCA4 /* Frameworks */ = {
			isa = PBXGroup;
			children = (
				B50EFD4E1F21F09000555886 /* MobileCoreServices.framework */,
				9F18CEC8C336176ECF397EFE /* libPods-ImagePicker.a */,
			);
			name = Frameworks;
			sourceTree = "<group>";
		};
		B5E7CFCD1F2B027A0060439E /* PhotoBrower */ = {
			isa = PBXGroup;
			children = (
				B5E7CFCE1F2B027A0060439E /* ImageScrollView.h */,
				B5E7CFCF1F2B027A0060439E /* ImageScrollView.m */,
				B5E7CFD01F2B027A0060439E /* PBGView.h */,
				B5E7CFD11F2B027A0060439E /* PBGView.m */,
				B5E7CFD21F2B027A0060439E /* PhotoImageView.h */,
				B5E7CFD31F2B027A0060439E /* PhotoImageView.m */,
				B5E7CFD41F2B027A0060439E /* PhotoItemView.h */,
				B5E7CFD51F2B027A0060439E /* PhotoItemView.m */,
				B5E7CFD61F2B027A0060439E /* PhotoModel.h */,
				B5E7CFD71F2B027A0060439E /* PhotoModel.m */,
				B5E7CFD81F2B027A0060439E /* PictureView.h */,
				B5E7CFD91F2B027A0060439E /* PictureView.m */,
				B5E7CFDA1F2B027A0060439E /* ShowPictureBrowerHeader.h */,
				B5E7CFDB1F2B027A0060439E /* ShowPictureController.h */,
				B5E7CFDC1F2B027A0060439E /* ShowPictureController.m */,
				B5E7CFDD1F2B027A0060439E /* StytlePtotoShowView.h */,
				B5E7CFDE1F2B027A0060439E /* StytlePtotoShowView.m */,
				B5E7CFDF1F2B027A0060439E /* utils */,
			);
			path = PhotoBrower;
			sourceTree = "<group>";
		};
		B5E7CFDF1F2B027A0060439E /* utils */ = {
			isa = PBXGroup;
			children = (
				B5E7CFE01F2B027A0060439E /* imageremake */,
				B5E7CFE51F2B027A0060439E /* progress */,
				B5E7CFEC1F2B027A0060439E /* ShowPictureBrower.bundle */,
			);
			path = utils;
			sourceTree = "<group>";
		};
		B5E7CFE01F2B027A0060439E /* imageremake */ = {
			isa = PBXGroup;
			children = (
				B5E7CFE11F2B027A0060439E /* UIImage+ReMake.h */,
				B5E7CFE21F2B027A0060439E /* UIImage+ReMake.m */,
				B5E7CFE31F2B027A0060439E /* UIImageView+SD.h */,
				B5E7CFE41F2B027A0060439E /* UIImageView+SD.m */,
			);
			path = imageremake;
			sourceTree = "<group>";
		};
		B5E7CFE51F2B027A0060439E /* progress */ = {
			isa = PBXGroup;
			children = (
				B5E7CFE61F2B027A0060439E /* LFRoundProgressView.h */,
				B5E7CFE71F2B027A0060439E /* LFRoundProgressView.m */,
				B5E7CFE81F2B027A0060439E /* PhotoLoadingView.h */,
				B5E7CFE91F2B027A0060439E /* PhotoLoadingView.m */,
				B5E7CFEA1F2B027A0060439E /* PhotoProgressView.h */,
				B5E7CFEB1F2B027A0060439E /* PhotoProgressView.m */,
			);
			path = progress;
			sourceTree = "<group>";
		};
		B5E7CFEF1F2B027A0060439E /* WEImagePicker */ = {
			isa = PBXGroup;
			children = (
				B5E7CFF01F2B027A0060439E /* WEImagePicker.bundle */,
				B5E7CFF11F2B027A0060439E /* WEImagePickerHeader.h */,
				B5E7CFF21F2B027A0060439E /* WEPhotoGroupDetailController.h */,
				B5E7CFF31F2B027A0060439E /* WEPhotoGroupDetailController.m */,
				B5E7CFF41F2B027A0060439E /* WEPhotoGroupTableViewController.h */,
				B5E7CFF51F2B027A0060439E /* WEPhotoGroupTableViewController.m */,
				B5E7CFF61F2B027A0060439E /* WEPhotoLibrayController.h */,
				B5E7CFF71F2B027A0060439E /* WEPhotoLibrayController.m */,
			);
			path = WEImagePicker;
			sourceTree = "<group>";
		};
		B5EE0C6C1F1C64B600883B78 = {
			isa = PBXGroup;
			children = (
				B5EE0C771F1C64B600883B78 /* ImagePicker */,
				B5EE0C911F1C64B600883B78 /* ImagePickerTests */,
				B5EE0C9C1F1C64B600883B78 /* ImagePickerUITests */,
				B5EE0C761F1C64B600883B78 /* Products */,
				83D46390CC60C20E4C6B9A20 /* Pods */,
				A577B7A808ECC9D885DFFCA4 /* Frameworks */,
			);
			sourceTree = "<group>";
		};
		B5EE0C761F1C64B600883B78 /* Products */ = {
			isa = PBXGroup;
			children = (
				B5EE0C751F1C64B600883B78 /* ImagePicker.app */,
				B5EE0C8E1F1C64B600883B78 /* ImagePickerTests.xctest */,
				B5EE0C991F1C64B600883B78 /* ImagePickerUITests.xctest */,
			);
			name = Products;
			sourceTree = "<group>";
		};
		B5EE0C771F1C64B600883B78 /* ImagePicker */ = {
			isa = PBXGroup;
			children = (
				B5EE0C7B1F1C64B600883B78 /* AppDelegate.h */,
				B5EE0C7C1F1C64B600883B78 /* AppDelegate.m */,
				B5E7CFEF1F2B027A0060439E /* WEImagePicker */,
				B5E7CFCD1F2B027A0060439E /* PhotoBrower */,
				B5E7CFED1F2B027A0060439E /* ViewController.h */,
				B5E7CFEE1F2B027A0060439E /* ViewController.m */,
				B5EE0C811F1C64B600883B78 /* Main.storyboard */,
				B5EE0C841F1C64B600883B78 /* Assets.xcassets */,
				B5EE0C861F1C64B600883B78 /* LaunchScreen.storyboard */,
				B5EE0C891F1C64B600883B78 /* Info.plist */,
				B5EE0C781F1C64B600883B78 /* Supporting Files */,
			);
			path = ImagePicker;
			sourceTree = "<group>";
		};
		B5EE0C781F1C64B600883B78 /* Supporting Files */ = {
			isa = PBXGroup;
			children = (
				B5EE0C791F1C64B600883B78 /* main.m */,
			);
			name = "Supporting Files";
			sourceTree = "<group>";
		};
		B5EE0C911F1C64B600883B78 /* ImagePickerTests */ = {
			isa = PBXGroup;
			children = (
				B5EE0C921F1C64B600883B78 /* ImagePickerTests.m */,
				B5EE0C941F1C64B600883B78 /* Info.plist */,
			);
			path = ImagePickerTests;
			sourceTree = "<group>";
		};
		B5EE0C9C1F1C64B600883B78 /* ImagePickerUITests */ = {
			isa = PBXGroup;
			children = (
				B5EE0C9D1F1C64B600883B78 /* ImagePickerUITests.m */,
				B5EE0C9F1F1C64B600883B78 /* Info.plist */,
			);
			path = ImagePickerUITests;
			sourceTree = "<group>";
		};
/* End PBXGroup section */

/* Begin PBXNativeTarget section */
		B5EE0C741F1C64B600883B78 /* ImagePicker */ = {
			isa = PBXNativeTarget;
			buildConfigurationList = B5EE0CA21F1C64B600883B78 /* Build configuration list for PBXNativeTarget "ImagePicker" */;
			buildPhases = (
				8FCDE8D702C2AF1E3296CC29 /* [CP] Check Pods Manifest.lock */,
				B5EE0C711F1C64B600883B78 /* Sources */,
				B5EE0C721F1C64B600883B78 /* Frameworks */,
				B5EE0C731F1C64B600883B78 /* Resources */,
				FD636FAC6BA23E80319970B4 /* [CP] Embed Pods Frameworks */,
				4682318CE127FB1FCC98011C /* [CP] Copy Pods Resources */,
			);
			buildRules = (
			);
			dependencies = (
			);
			name = ImagePicker;
			productName = ImagePicker;
			productReference = B5EE0C751F1C64B600883B78 /* ImagePicker.app */;
			productType = "com.apple.product-type.application";
		};
		B5EE0C8D1F1C64B600883B78 /* ImagePickerTests */ = {
			isa = PBXNativeTarget;
			buildConfigurationList = B5EE0CA51F1C64B600883B78 /* Build configuration list for PBXNativeTarget "ImagePickerTests" */;
			buildPhases = (
				B5EE0C8A1F1C64B600883B78 /* Sources */,
				B5EE0C8B1F1C64B600883B78 /* Frameworks */,
				B5EE0C8C1F1C64B600883B78 /* Resources */,
			);
			buildRules = (
			);
			dependencies = (
				B5EE0C901F1C64B600883B78 /* PBXTargetDependency */,
			);
			name = ImagePickerTests;
			productName = ImagePickerTests;
			productReference = B5EE0C8E1F1C64B600883B78 /* ImagePickerTests.xctest */;
			productType = "com.apple.product-type.bundle.unit-test";
		};
		B5EE0C981F1C64B600883B78 /* ImagePickerUITests */ = {
			isa = PBXNativeTarget;
			buildConfigurationList = B5EE0CA81F1C64B600883B78 /* Build configuration list for PBXNativeTarget "ImagePickerUITests" */;
			buildPhases = (
				B5EE0C951F1C64B600883B78 /* Sources */,
				B5EE0C961F1C64B600883B78 /* Frameworks */,
				B5EE0C971F1C64B600883B78 /* Resources */,
			);
			buildRules = (
			);
			dependencies = (
				B5EE0C9B1F1C64B600883B78 /* PBXTargetDependency */,
			);
			name = ImagePickerUITests;
			productName = ImagePickerUITests;
			productReference = B5EE0C991F1C64B600883B78 /* ImagePickerUITests.xctest */;
			productType = "com.apple.product-type.bundle.ui-testing";
		};
/* End PBXNativeTarget section */

/* Begin PBXProject section */
		B5EE0C6D1F1C64B600883B78 /* Project object */ = {
			isa = PBXProject;
			attributes = {
				LastUpgradeCheck = 0830;
				ORGANIZATIONNAME = Turbo;
				TargetAttributes = {
					B5EE0C741F1C64B600883B78 = {
						CreatedOnToolsVersion = 8.3.3;
						DevelopmentTeam = FMCAQ83588;
						ProvisioningStyle = Automatic;
					};
					B5EE0C8D1F1C64B600883B78 = {
						CreatedOnToolsVersion = 8.3.3;
						ProvisioningStyle = Automatic;
						TestTargetID = B5EE0C741F1C64B600883B78;
					};
					B5EE0C981F1C64B600883B78 = {
						CreatedOnToolsVersion = 8.3.3;
						ProvisioningStyle = Automatic;
						TestTargetID = B5EE0C741F1C64B600883B78;
					};
				};
			};
			buildConfigurationList = B5EE0C701F1C64B600883B78 /* Build configuration list for PBXProject "ImagePicker" */;
			compatibilityVersion = "Xcode 3.2";
			developmentRegion = English;
			hasScannedForEncodings = 0;
			knownRegions = (
				en,
				Base,
			);
			mainGroup = B5EE0C6C1F1C64B600883B78;
			productRefGroup = B5EE0C761F1C64B600883B78 /* Products */;
			projectDirPath = "";
			projectRoot = "";
			targets = (
				B5EE0C741F1C64B600883B78 /* ImagePicker */,
				B5EE0C8D1F1C64B600883B78 /* ImagePickerTests */,
				B5EE0C981F1C64B600883B78 /* ImagePickerUITests */,
			);
		};
/* End PBXProject section */

/* Begin PBXResourcesBuildPhase section */
		B5EE0C731F1C64B600883B78 /* Resources */ = {
			isa = PBXResourcesBuildPhase;
			buildActionMask = 2147483647;
			files = (
				B5EE0C881F1C64B600883B78 /* LaunchScreen.storyboard in Resources */,
				B5EE0C851F1C64B600883B78 /* Assets.xcassets in Resources */,
				B5E7D0071F2B027A0060439E /* WEImagePicker.bundle in Resources */,
				B5E7D0051F2B027A0060439E /* ShowPictureBrower.bundle in Resources */,
				B5EE0C831F1C64B600883B78 /* Main.storyboard in Resources */,
			);
			runOnlyForDeploymentPostprocessing = 0;
		};
		B5EE0C8C1F1C64B600883B78 /* Resources */ = {
			isa = PBXResourcesBuildPhase;
			buildActionMask = 2147483647;
			files = (
			);
			runOnlyForDeploymentPostprocessing = 0;
		};
		B5EE0C971F1C64B600883B78 /* Resources */ = {
			isa = PBXResourcesBuildPhase;
			buildActionMask = 2147483647;
			files = (
			);
			runOnlyForDeploymentPostprocessing = 0;
		};
/* End PBXResourcesBuildPhase section */

/* Begin PBXShellScriptBuildPhase section */
		4682318CE127FB1FCC98011C /* [CP] Copy Pods Resources */ = {
			isa = PBXShellScriptBuildPhase;
			buildActionMask = 2147483647;
			files = (
			);
			inputPaths = (
			);
			name = "[CP] Copy Pods Resources";
			outputPaths = (
			);
			runOnlyForDeploymentPostprocessing = 0;
			shellPath = /bin/sh;
			shellScript = "\"${SRCROOT}/Pods/Target Support Files/Pods-ImagePicker/Pods-ImagePicker-resources.sh\"\n";
			showEnvVarsInLog = 0;
		};
		8FCDE8D702C2AF1E3296CC29 /* [CP] Check Pods Manifest.lock */ = {
			isa = PBXShellScriptBuildPhase;
			buildActionMask = 2147483647;
			files = (
			);
			inputPaths = (
			);
			name = "[CP] Check Pods Manifest.lock";
			outputPaths = (
			);
			runOnlyForDeploymentPostprocessing = 0;
			shellPath = /bin/sh;
			shellScript = "diff \"${PODS_ROOT}/../Podfile.lock\" \"${PODS_ROOT}/Manifest.lock\" > /dev/null\nif [ $? != 0 ] ; then\n    # print error to STDERR\n    echo \"error: The sandbox is not in sync with the Podfile.lock. Run 'pod install' or update your CocoaPods installation.\" >&2\n    exit 1\nfi\n";
			showEnvVarsInLog = 0;
		};
		FD636FAC6BA23E80319970B4 /* [CP] Embed Pods Frameworks */ = {
			isa = PBXShellScriptBuildPhase;
			buildActionMask = 2147483647;
			files = (
			);
			inputPaths = (
			);
			name = "[CP] Embed Pods Frameworks";
			outputPaths = (
			);
			runOnlyForDeploymentPostprocessing = 0;
			shellPath = /bin/sh;
			shellScript = "\"${SRCROOT}/Pods/Target Support Files/Pods-ImagePicker/Pods-ImagePicker-frameworks.sh\"\n";
			showEnvVarsInLog = 0;
		};
/* End PBXShellScriptBuildPhase section */

/* Begin PBXSourcesBuildPhase section */
		B5EE0C711F1C64B600883B78 /* Sources */ = {
			isa = PBXSourcesBuildPhase;
			buildActionMask = 2147483647;
			files = (
				B5E7D0031F2B027A0060439E /* PhotoLoadingView.m in Sources */,
				B5E7CFF91F2B027A0060439E /* PBGView.m in Sources */,
				B5E7D0011F2B027A0060439E /* UIImageView+SD.m in Sources */,
				B5E7CFFC1F2B027A0060439E /* PhotoModel.m in Sources */,
				B5E7CFF81F2B027A0060439E /* ImageScrollView.m in Sources */,
				B5E7CFFF1F2B027A0060439E /* StytlePtotoShowView.m in Sources */,
				B5E7CFFB1F2B027A0060439E /* PhotoItemView.m in Sources */,
				B5E7D0001F2B027A0060439E /* UIImage+ReMake.m in Sources */,
				B5E7D0091F2B027A0060439E /* WEPhotoGroupTableViewController.m in Sources */,
				B5EE0C7D1F1C64B600883B78 /* AppDelegate.m in Sources */,
				B5EE0C7A1F1C64B600883B78 /* main.m in Sources */,
				B5E7D0061F2B027A0060439E /* ViewController.m in Sources */,
				B5E7D00A1F2B027A0060439E /* WEPhotoLibrayController.m in Sources */,
				B5E7CFFE1F2B027A0060439E /* ShowPictureController.m in Sources */,
				B5E7D0041F2B027A0060439E /* PhotoProgressView.m in Sources */,
				B5E7CFFA1F2B027A0060439E /* PhotoImageView.m in Sources */,
				B5E7CFFD1F2B027A0060439E /* PictureView.m in Sources */,
				B5E7D0021F2B027A0060439E /* LFRoundProgressView.m in Sources */,
				B5E7D0081F2B027A0060439E /* WEPhotoGroupDetailController.m in Sources */,
			);
			runOnlyForDeploymentPostprocessing = 0;
		};
		B5EE0C8A1F1C64B600883B78 /* Sources */ = {
			isa = PBXSourcesBuildPhase;
			buildActionMask = 2147483647;
			files = (
				B5EE0C931F1C64B600883B78 /* ImagePickerTests.m in Sources */,
			);
			runOnlyForDeploymentPostprocessing = 0;
		};
		B5EE0C951F1C64B600883B78 /* Sources */ = {
			isa = PBXSourcesBuildPhase;
			buildActionMask = 2147483647;
			files = (
				B5EE0C9E1F1C64B600883B78 /* ImagePickerUITests.m in Sources */,
			);
			runOnlyForDeploymentPostprocessing = 0;
		};
/* End PBXSourcesBuildPhase section */

/* Begin PBXTargetDependency section */
		B5EE0C901F1C64B600883B78 /* PBXTargetDependency */ = {
			isa = PBXTargetDependency;
			target = B5EE0C741F1C64B600883B78 /* ImagePicker */;
			targetProxy = B5EE0C8F1F1C64B600883B78 /* PBXContainerItemProxy */;
		};
		B5EE0C9B1F1C64B600883B78 /* PBXTargetDependency */ = {
			isa = PBXTargetDependency;
			target = B5EE0C741F1C64B600883B78 /* ImagePicker */;
			targetProxy = B5EE0C9A1F1C64B600883B78 /* PBXContainerItemProxy */;
		};
/* End PBXTargetDependency section */

/* Begin PBXVariantGroup section */
		B5EE0C811F1C64B600883B78 /* Main.storyboard */ = {
			isa = PBXVariantGroup;
			children = (
				B5EE0C821F1C64B600883B78 /* Base */,
			);
			name = Main.storyboard;
			sourceTree = "<group>";
		};
		B5EE0C861F1C64B600883B78 /* LaunchScreen.storyboard */ = {
			isa = PBXVariantGroup;
			children = (
				B5EE0C871F1C64B600883B78 /* Base */,
			);
			name = LaunchScreen.storyboard;
			sourceTree = "<group>";
		};
/* End PBXVariantGroup section */

/* Begin XCBuildConfiguration section */
		B5EE0CA01F1C64B600883B78 /* Debug */ = {
			isa = XCBuildConfiguration;
			buildSettings = {
				ALWAYS_SEARCH_USER_PATHS = NO;
				CLANG_ANALYZER_NONNULL = YES;
				CLANG_ANALYZER_NUMBER_OBJECT_CONVERSION = YES_AGGRESSIVE;
				CLANG_CXX_LANGUAGE_STANDARD = "gnu++0x";
				CLANG_CXX_LIBRARY = "libc++";
				CLANG_ENABLE_MODULES = YES;
				CLANG_ENABLE_OBJC_ARC = YES;
				CLANG_WARN_BOOL_CONVERSION = YES;
				CLANG_WARN_CONSTANT_CONVERSION = YES;
				CLANG_WARN_DIRECT_OBJC_ISA_USAGE = YES_ERROR;
				CLANG_WARN_DOCUMENTATION_COMMENTS = YES;
				CLANG_WARN_EMPTY_BODY = YES;
				CLANG_WARN_ENUM_CONVERSION = YES;
				CLANG_WARN_INFINITE_RECURSION = YES;
				CLANG_WARN_INT_CONVERSION = YES;
				CLANG_WARN_OBJC_ROOT_CLASS = YES_ERROR;
				CLANG_WARN_SUSPICIOUS_MOVE = YES;
				CLANG_WARN_UNREACHABLE_CODE = YES;
				CLANG_WARN__DUPLICATE_METHOD_MATCH = YES;
				"CODE_SIGN_IDENTITY[sdk=iphoneos*]" = "iPhone Developer";
				COPY_PHASE_STRIP = NO;
				DEBUG_INFORMATION_FORMAT = dwarf;
				ENABLE_STRICT_OBJC_MSGSEND = YES;
				ENABLE_TESTABILITY = YES;
				GCC_C_LANGUAGE_STANDARD = gnu99;
				GCC_DYNAMIC_NO_PIC = NO;
				GCC_NO_COMMON_BLOCKS = YES;
				GCC_OPTIMIZATION_LEVEL = 0;
				GCC_PREPROCESSOR_DEFINITIONS = (
					"DEBUG=1",
					"$(inherited)",
				);
				GCC_WARN_64_TO_32_BIT_CONVERSION = YES;
				GCC_WARN_ABOUT_RETURN_TYPE = YES_ERROR;
				GCC_WARN_UNDECLARED_SELECTOR = YES;
				GCC_WARN_UNINITIALIZED_AUTOS = YES_AGGRESSIVE;
				GCC_WARN_UNUSED_FUNCTION = YES;
				GCC_WARN_UNUSED_VARIABLE = YES;
				IPHONEOS_DEPLOYMENT_TARGET = 10.3;
				MTL_ENABLE_DEBUG_INFO = YES;
				ONLY_ACTIVE_ARCH = YES;
				SDKROOT = iphoneos;
				TARGETED_DEVICE_FAMILY = "1,2";
			};
			name = Debug;
		};
		B5EE0CA11F1C64B600883B78 /* Release */ = {
			isa = XCBuildConfiguration;
			buildSettings = {
				ALWAYS_SEARCH_USER_PATHS = NO;
				CLANG_ANALYZER_NONNULL = YES;
				CLANG_ANALYZER_NUMBER_OBJECT_CONVERSION = YES_AGGRESSIVE;
				CLANG_CXX_LANGUAGE_STANDARD = "gnu++0x";
				CLANG_CXX_LIBRARY = "libc++";
				CLANG_ENABLE_MODULES = YES;
				CLANG_ENABLE_OBJC_ARC = YES;
				CLANG_WARN_BOOL_CONVERSION = YES;
				CLANG_WARN_CONSTANT_CONVERSION = YES;
				CLANG_WARN_DIRECT_OBJC_ISA_USAGE = YES_ERROR;
				CLANG_WARN_DOCUMENTATION_COMMENTS = YES;
				CLANG_WARN_EMPTY_BODY = YES;
				CLANG_WARN_ENUM_CONVERSION = YES;
				CLANG_WARN_INFINITE_RECURSION = YES;
				CLANG_WARN_INT_CONVERSION = YES;
				CLANG_WARN_OBJC_ROOT_CLASS = YES_ERROR;
				CLANG_WARN_SUSPICIOUS_MOVE = YES;
				CLANG_WARN_UNREACHABLE_CODE = YES;
				CLANG_WARN__DUPLICATE_METHOD_MATCH = YES;
				"CODE_SIGN_IDENTITY[sdk=iphoneos*]" = "iPhone Developer";
				COPY_PHASE_STRIP = NO;
				DEBUG_INFORMATION_FORMAT = "dwarf-with-dsym";
				ENABLE_NS_ASSERTIONS = NO;
				ENABLE_STRICT_OBJC_MSGSEND = YES;
				GCC_C_LANGUAGE_STANDARD = gnu99;
				GCC_NO_COMMON_BLOCKS = YES;
				GCC_WARN_64_TO_32_BIT_CONVERSION = YES;
				GCC_WARN_ABOUT_RETURN_TYPE = YES_ERROR;
				GCC_WARN_UNDECLARED_SELECTOR = YES;
				GCC_WARN_UNINITIALIZED_AUTOS = YES_AGGRESSIVE;
				GCC_WARN_UNUSED_FUNCTION = YES;
				GCC_WARN_UNUSED_VARIABLE = YES;
				IPHONEOS_DEPLOYMENT_TARGET = 10.3;
				MTL_ENABLE_DEBUG_INFO = NO;
				SDKROOT = iphoneos;
				TARGETED_DEVICE_FAMILY = "1,2";
				VALIDATE_PRODUCT = YES;
			};
			name = Release;
		};
		B5EE0CA31F1C64B600883B78 /* Debug */ = {
			isa = XCBuildConfiguration;
			baseConfigurationReference = 477893020F1FB999337CCC71 /* Pods-ImagePicker.debug.xcconfig */;
			buildSettings = {
				ASSETCATALOG_COMPILER_APPICON_NAME = AppIcon;
				DEVELOPMENT_TEAM = FMCAQ83588;
				GCC_PRECOMPILE_PREFIX_HEADER = NO;
				GCC_PREFIX_HEADER = "";
				INFOPLIST_FILE = ImagePicker/Info.plist;
				LD_RUNPATH_SEARCH_PATHS = "$(inherited) @executable_path/Frameworks";
				PRODUCT_BUNDLE_IDENTIFIER = Turbo.ImagePicker;
				PRODUCT_NAME = "$(TARGET_NAME)";
			};
			name = Debug;
		};
		B5EE0CA41F1C64B600883B78 /* Release */ = {
			isa = XCBuildConfiguration;
			baseConfigurationReference = CF5502DCC1DCB7C508426B6E /* Pods-ImagePicker.release.xcconfig */;
			buildSettings = {
				ASSETCATALOG_COMPILER_APPICON_NAME = AppIcon;
				DEVELOPMENT_TEAM = FMCAQ83588;
				GCC_PRECOMPILE_PREFIX_HEADER = NO;
				GCC_PREFIX_HEADER = "";
				INFOPLIST_FILE = ImagePicker/Info.plist;
				LD_RUNPATH_SEARCH_PATHS = "$(inherited) @executable_path/Frameworks";
				PRODUCT_BUNDLE_IDENTIFIER = Turbo.ImagePicker;
				PRODUCT_NAME = "$(TARGET_NAME)";
			};
			name = Release;
		};
		B5EE0CA61F1C64B600883B78 /* Debug */ = {
			isa = XCBuildConfiguration;
			buildSettings = {
				BUNDLE_LOADER = "$(TEST_HOST)";
				INFOPLIST_FILE = ImagePickerTests/Info.plist;
				LD_RUNPATH_SEARCH_PATHS = "$(inherited) @executable_path/Frameworks @loader_path/Frameworks";
				PRODUCT_BUNDLE_IDENTIFIER = Turbo.ImagePickerTests;
				PRODUCT_NAME = "$(TARGET_NAME)";
				TEST_HOST = "$(BUILT_PRODUCTS_DIR)/ImagePicker.app/ImagePicker";
			};
			name = Debug;
		};
		B5EE0CA71F1C64B600883B78 /* Release */ = {
			isa = XCBuildConfiguration;
			buildSettings = {
				BUNDLE_LOADER = "$(TEST_HOST)";
				INFOPLIST_FILE = ImagePickerTests/Info.plist;
				LD_RUNPATH_SEARCH_PATHS = "$(inherited) @executable_path/Frameworks @loader_path/Frameworks";
				PRODUCT_BUNDLE_IDENTIFIER = Turbo.ImagePickerTests;
				PRODUCT_NAME = "$(TARGET_NAME)";
				TEST_HOST = "$(BUILT_PRODUCTS_DIR)/ImagePicker.app/ImagePicker";
			};
			name = Release;
		};
		B5EE0CA91F1C64B600883B78 /* Debug */ = {
			isa = XCBuildConfiguration;
			buildSettings = {
				INFOPLIST_FILE = ImagePickerUITests/Info.plist;
				LD_RUNPATH_SEARCH_PATHS = "$(inherited) @executable_path/Frameworks @loader_path/Frameworks";
				PRODUCT_BUNDLE_IDENTIFIER = Turbo.ImagePickerUITests;
				PRODUCT_NAME = "$(TARGET_NAME)";
				TEST_TARGET_NAME = ImagePicker;
			};
			name = Debug;
		};
		B5EE0CAA1F1C64B600883B78 /* Release */ = {
			isa = XCBuildConfiguration;
			buildSettings = {
				INFOPLIST_FILE = ImagePickerUITests/Info.plist;
				LD_RUNPATH_SEARCH_PATHS = "$(inherited) @executable_path/Frameworks @loader_path/Frameworks";
				PRODUCT_BUNDLE_IDENTIFIER = Turbo.ImagePickerUITests;
				PRODUCT_NAME = "$(TARGET_NAME)";
				TEST_TARGET_NAME = ImagePicker;
			};
			name = Release;
		};
/* End XCBuildConfiguration section */

/* Begin XCConfigurationList section */
		B5EE0C701F1C64B600883B78 /* Build configuration list for PBXProject "ImagePicker" */ = {
			isa = XCConfigurationList;
			buildConfigurations = (
				B5EE0CA01F1C64B600883B78 /* Debug */,
				B5EE0CA11F1C64B600883B78 /* Release */,
			);
			defaultConfigurationIsVisible = 0;
			defaultConfigurationName = Release;
		};
		B5EE0CA21F1C64B600883B78 /* Build configuration list for PBXNativeTarget "ImagePicker" */ = {
			isa = XCConfigurationList;
			buildConfigurations = (
				B5EE0CA31F1C64B600883B78 /* Debug */,
				B5EE0CA41F1C64B600883B78 /* Release */,
			);
			defaultConfigurationIsVisible = 0;
			defaultConfigurationName = Release;
		};
		B5EE0CA51F1C64B600883B78 /* Build configuration list for PBXNativeTarget "ImagePickerTests" */ = {
			isa = XCConfigurationList;
			buildConfigurations = (
				B5EE0CA61F1C64B600883B78 /* Debug */,
				B5EE0CA71F1C64B600883B78 /* Release */,
			);
			defaultConfigurationIsVisible = 0;
			defaultConfigurationName = Release;
		};
		B5EE0CA81F1C64B600883B78 /* Build configuration list for PBXNativeTarget "ImagePickerUITests" */ = {
			isa = XCConfigurationList;
			buildConfigurations = (
				B5EE0CA91F1C64B600883B78 /* Debug */,
				B5EE0CAA1F1C64B600883B78 /* Release */,
			);
			defaultConfigurationIsVisible = 0;
			defaultConfigurationName = Release;
		};
/* End XCConfigurationList section */
	};
	rootObject = B5EE0C6D1F1C64B600883B78 /* Project object */;
}
